
Microsoft Visual Studio Solution File, Format Version 12.00
Project("{FAE04EC0-301F-11D3-BF4B-00C04F79EFBC}") = "TodoApi", "TodoApi.csproj", "{3889F296-7C4E-4C71-A64B-FF11544E43A9}"
EndProject
Global
	GlobalSection(SolutionConfigurationPlatforms) = preSolution
		Debug|Any CPU = Debug|Any CPU
		Release|Any CPU = Release|Any CPU
	EndGlobalSection
	GlobalSection(ProjectConfigurationPlatforms) = postSolution
		{3889F296-7C4E-4C71-A64B-FF11544E43A9}.Debug|Any CPU.ActiveCfg = Debug|Any CPU
		{3889F296-7C4E-4C71-A64B-FF11544E43A9}.Debug|Any CPU.Build.0 = Debug|Any CPU
		{3889F296-7C4E-4C71-A64B-FF11544E43A9}.Release|Any CPU.ActiveCfg = Release|Any CPU
		{3889F296-7C4E-4C71-A64B-FF11544E43A9}.Release|Any CPU.Build.0 = Release|Any CPU
	EndGlobalSection
EndGlobal
